
Microsoft Visual Studio Solution File, Format Version 12.00
# Visual Studio Version 17
VisualStudioVersion = 17.11.35312.102
MinimumVisualStudioVersion = 10.0.40219.1
Project("{FAE04EC0-301F-11D3-BF4B-00C04F79EFBC}") = "PersediaanBarang", "PersediaanBarang\PersediaanBarang.csproj", "{DF95BC9E-6C9F-4F88-8638-8302D5CEF808}"
EndProject
Global
	GlobalSection(SolutionConfigurationPlatforms) = preSolution
		Debug|Any CPU = Debug|Any CPU
		Release|Any CPU = Release|Any CPU
	EndGlobalSection
	GlobalSection(ProjectConfigurationPlatforms) = postSolution
		{DF95BC9E-6C9F-4F88-8638-8302D5CEF808}.Debug|Any CPU.ActiveCfg = Debug|Any CPU
		{DF95BC9E-6C9F-4F88-8638-8302D5CEF808}.Debug|Any CPU.Build.0 = Debug|Any CPU
		{DF95BC9E-6C9F-4F88-8638-8302D5CEF808}.Release|Any CPU.ActiveCfg = Release|Any CPU
		{DF95BC9E-6C9F-4F88-8638-8302D5CEF808}.Release|Any CPU.Build.0 = Release|Any CPU
	EndGlobalSection
	GlobalSection(SolutionProperties) = preSolution
		HideSolutionNode = FALSE
	EndGlobalSection
	GlobalSection(ExtensibilityGlobals) = postSolution
		SolutionGuid = {3E3A2318-FBE9-4146-99D2-4A4819702F65}
	EndGlobalSection
EndGlobal
